
Microsoft Visual Studio Solution File, Format Version 12.00
# Visual Studio Version 16
VisualStudioVersion = 16.0.30717.126
MinimumVisualStudioVersion = 10.0.40219.1
Project("{9A19103F-16F7-4668-BE54-9A1E7A4F7556}") = "Carlton.Dashboard.Components", "./Carlton.Dashboard.Components/Carlton.Dashboard.Components.csproj", "{6C10B3DE-A10B-486B-9160-27FAE1FD5EC0}"
EndProject
Project("{9A19103F-16F7-4668-BE54-9A1E7A4F7556}") = "Carlton.Dashboard.Components.Test", "./Carlton.Dashboard.Components.Test\Carlton.Dashboard.Components.Test.csproj", "{132D6A70-820D-4B64-9E64-C58A6E50423F}"
EndProject
Global
	GlobalSection(SolutionConfigurationPlatforms) = preSolution
		Debug|Any CPU = Debug|Any CPU
		Release|Any CPU = Release|Any CPU
	EndGlobalSection
	GlobalSection(ProjectConfigurationPlatforms) = postSolution
		{6C10B3DE-A10B-486B-9160-27FAE1FD5EC0}.Debug|Any CPU.ActiveCfg = Debug|Any CPU
		{6C10B3DE-A10B-486B-9160-27FAE1FD5EC0}.Debug|Any CPU.Build.0 = Debug|Any CPU
		{6C10B3DE-A10B-486B-9160-27FAE1FD5EC0}.Release|Any CPU.ActiveCfg = Release|Any CPU
		{6C10B3DE-A10B-486B-9160-27FAE1FD5EC0}.Release|Any CPU.Build.0 = Release|Any CPU
		{132D6A70-820D-4B64-9E64-C58A6E50423F}.Debug|Any CPU.ActiveCfg = Debug|Any CPU
		{132D6A70-820D-4B64-9E64-C58A6E50423F}.Debug|Any CPU.Build.0 = Debug|Any CPU
		{132D6A70-820D-4B64-9E64-C58A6E50423F}.Release|Any CPU.ActiveCfg = Release|Any CPU
		{132D6A70-820D-4B64-9E64-C58A6E50423F}.Release|Any CPU.Build.0 = Release|Any CPU
	EndGlobalSection
	GlobalSection(SolutionProperties) = preSolution
		HideSolutionNode = FALSE
	EndGlobalSection
	GlobalSection(ExtensibilityGlobals) = postSolution
		SolutionGuid = {0D5AA23E-CF24-4517-B9BF-0BF610311FFD}
	EndGlobalSection
EndGlobal
